<Solution>
  <Folder Name="/src/" />
  <Folder Name="/src/adapter/" />
  <Folder Name="/src/adapter/wintun/">
    <Project Path="src/adapter/wintun/IPv8Plus.Adapter.Wintun.csproj" />
  </Folder>
  <Folder Name="/src/services/">
    <Project Path="src/services/IPv8Plus.Abstractions/IPv8Plus.Abstractions.csproj" />
    <Project Path="src/services/IPv8Plus.Host/IPv8Plus.Host.csproj" />
  </Folder>
  <Folder Name="/tests/" />
  <Folder Name="/tests/services/">
    <Project Path="tests/services/IPv8Plus.Services.Tests/IPv8Plus.Services.Tests.csproj" />
  </Folder>
</Solution>
